
Microsoft Visual Studio Solution File, Format Version 12.00
# Visual Studio Version 16
VisualStudioVersion = 16.0.31624.102
MinimumVisualStudioVersion = 10.0.40219.1
Project("{FAE04EC0-301F-11D3-BF4B-00C04F79EFBC}") = "BucketDeleteApp", "BucketDeleteApp\BucketDeleteApp.csproj", "{3584A4B7-BB3C-4D67-A422-7F9FB5487205}"
EndProject
Global
	GlobalSection(SolutionConfigurationPlatforms) = preSolution
		Debug|Any CPU = Debug|Any CPU
		Release|Any CPU = Release|Any CPU
	EndGlobalSection
	GlobalSection(ProjectConfigurationPlatforms) = postSolution
		{3584A4B7-BB3C-4D67-A422-7F9FB5487205}.Debug|Any CPU.ActiveCfg = Debug|Any CPU
		{3584A4B7-BB3C-4D67-A422-7F9FB5487205}.Debug|Any CPU.Build.0 = Debug|Any CPU
		{3584A4B7-BB3C-4D67-A422-7F9FB5487205}.Release|Any CPU.ActiveCfg = Release|Any CPU
		{3584A4B7-BB3C-4D67-A422-7F9FB5487205}.Release|Any CPU.Build.0 = Release|Any CPU
	EndGlobalSection
	GlobalSection(SolutionProperties) = preSolution
		HideSolutionNode = FALSE
	EndGlobalSection
	GlobalSection(ExtensibilityGlobals) = postSolution
		SolutionGuid = {547FDC2C-9535-416D-8259-3DA4576EE0D1}
	EndGlobalSection
EndGlobal
